
Microsoft Visual Studio Solution File, Format Version 12.00
# Visual Studio Version 17
VisualStudioVersion = 17.7.34221.43
MinimumVisualStudioVersion = 10.0.40219.1
Project("{FAE04EC0-301F-11D3-BF4B-00C04F79EFBC}") = "pb6", "pb6\pb6.csproj", "{A0BF7A92-F1F6-499B-A8BB-56455E25D14D}"
EndProject
Global
	GlobalSection(SolutionConfigurationPlatforms) = preSolution
		Debug|Any CPU = Debug|Any CPU
		Release|Any CPU = Release|Any CPU
	EndGlobalSection
	GlobalSection(ProjectConfigurationPlatforms) = postSolution
		{A0BF7A92-F1F6-499B-A8BB-56455E25D14D}.Debug|Any CPU.ActiveCfg = Debug|Any CPU
		{A0BF7A92-F1F6-499B-A8BB-56455E25D14D}.Debug|Any CPU.Build.0 = Debug|Any CPU
		{A0BF7A92-F1F6-499B-A8BB-56455E25D14D}.Release|Any CPU.ActiveCfg = Release|Any CPU
		{A0BF7A92-F1F6-499B-A8BB-56455E25D14D}.Release|Any CPU.Build.0 = Release|Any CPU
	EndGlobalSection
	GlobalSection(SolutionProperties) = preSolution
		HideSolutionNode = FALSE
	EndGlobalSection
	GlobalSection(ExtensibilityGlobals) = postSolution
		SolutionGuid = {3BFBADD7-4222-4486-A17E-2028EF54F50E}
	EndGlobalSection
EndGlobal
