
Microsoft Visual Studio Solution File, Format Version 12.00
# Visual Studio Version 17
VisualStudioVersion = 17.7.34221.43
MinimumVisualStudioVersion = 10.0.40219.1
Project("{FAE04EC0-301F-11D3-BF4B-00C04F79EFBC}") = "pb1", "pb1\pb1.csproj", "{8283F519-2939-45F0-9F38-46011C7005F5}"
EndProject
Global
	GlobalSection(SolutionConfigurationPlatforms) = preSolution
		Debug|Any CPU = Debug|Any CPU
		Release|Any CPU = Release|Any CPU
	EndGlobalSection
	GlobalSection(ProjectConfigurationPlatforms) = postSolution
		{8283F519-2939-45F0-9F38-46011C7005F5}.Debug|Any CPU.ActiveCfg = Debug|Any CPU
		{8283F519-2939-45F0-9F38-46011C7005F5}.Debug|Any CPU.Build.0 = Debug|Any CPU
		{8283F519-2939-45F0-9F38-46011C7005F5}.Release|Any CPU.ActiveCfg = Release|Any CPU
		{8283F519-2939-45F0-9F38-46011C7005F5}.Release|Any CPU.Build.0 = Release|Any CPU
	EndGlobalSection
	GlobalSection(SolutionProperties) = preSolution
		HideSolutionNode = FALSE
	EndGlobalSection
	GlobalSection(ExtensibilityGlobals) = postSolution
		SolutionGuid = {1BA42B36-AD66-467F-8C4E-FB5249B5C8FA}
	EndGlobalSection
EndGlobal
