
Microsoft Visual Studio Solution File, Format Version 12.00
# Visual Studio Version 17
VisualStudioVersion = 17.7.34221.43
MinimumVisualStudioVersion = 10.0.40219.1
Project("{FAE04EC0-301F-11D3-BF4B-00C04F79EFBC}") = "pb21", "pb21\pb21.csproj", "{580B14BB-1A6E-416F-8DB2-A4734956CA41}"
EndProject
Global
	GlobalSection(SolutionConfigurationPlatforms) = preSolution
		Debug|Any CPU = Debug|Any CPU
		Release|Any CPU = Release|Any CPU
	EndGlobalSection
	GlobalSection(ProjectConfigurationPlatforms) = postSolution
		{580B14BB-1A6E-416F-8DB2-A4734956CA41}.Debug|Any CPU.ActiveCfg = Debug|Any CPU
		{580B14BB-1A6E-416F-8DB2-A4734956CA41}.Debug|Any CPU.Build.0 = Debug|Any CPU
		{580B14BB-1A6E-416F-8DB2-A4734956CA41}.Release|Any CPU.ActiveCfg = Release|Any CPU
		{580B14BB-1A6E-416F-8DB2-A4734956CA41}.Release|Any CPU.Build.0 = Release|Any CPU
	EndGlobalSection
	GlobalSection(SolutionProperties) = preSolution
		HideSolutionNode = FALSE
	EndGlobalSection
	GlobalSection(ExtensibilityGlobals) = postSolution
		SolutionGuid = {3BB74C4C-D029-4812-AB85-82B35B0E52AF}
	EndGlobalSection
EndGlobal
