
Microsoft Visual Studio Solution File, Format Version 12.00
# Visual Studio Version 17
VisualStudioVersion = 17.7.34221.43
MinimumVisualStudioVersion = 10.0.40219.1
Project("{FAE04EC0-301F-11D3-BF4B-00C04F79EFBC}") = "pb14", "pb14\pb14.csproj", "{7A60F42C-0C92-4366-B365-6319F8D5CDF0}"
EndProject
Global
	GlobalSection(SolutionConfigurationPlatforms) = preSolution
		Debug|Any CPU = Debug|Any CPU
		Release|Any CPU = Release|Any CPU
	EndGlobalSection
	GlobalSection(ProjectConfigurationPlatforms) = postSolution
		{7A60F42C-0C92-4366-B365-6319F8D5CDF0}.Debug|Any CPU.ActiveCfg = Debug|Any CPU
		{7A60F42C-0C92-4366-B365-6319F8D5CDF0}.Debug|Any CPU.Build.0 = Debug|Any CPU
		{7A60F42C-0C92-4366-B365-6319F8D5CDF0}.Release|Any CPU.ActiveCfg = Release|Any CPU
		{7A60F42C-0C92-4366-B365-6319F8D5CDF0}.Release|Any CPU.Build.0 = Release|Any CPU
	EndGlobalSection
	GlobalSection(SolutionProperties) = preSolution
		HideSolutionNode = FALSE
	EndGlobalSection
	GlobalSection(ExtensibilityGlobals) = postSolution
		SolutionGuid = {4F9E15E3-D5E4-47C8-B544-B926EADBBFA9}
	EndGlobalSection
EndGlobal
