
Microsoft Visual Studio Solution File, Format Version 12.00
# Visual Studio Version 17
VisualStudioVersion = 17.7.34221.43
MinimumVisualStudioVersion = 10.0.40219.1
Project("{FAE04EC0-301F-11D3-BF4B-00C04F79EFBC}") = "pb8", "pb8\pb8.csproj", "{24280E95-92CF-4D67-929A-08A4609E612E}"
EndProject
Global
	GlobalSection(SolutionConfigurationPlatforms) = preSolution
		Debug|Any CPU = Debug|Any CPU
		Release|Any CPU = Release|Any CPU
	EndGlobalSection
	GlobalSection(ProjectConfigurationPlatforms) = postSolution
		{24280E95-92CF-4D67-929A-08A4609E612E}.Debug|Any CPU.ActiveCfg = Debug|Any CPU
		{24280E95-92CF-4D67-929A-08A4609E612E}.Debug|Any CPU.Build.0 = Debug|Any CPU
		{24280E95-92CF-4D67-929A-08A4609E612E}.Release|Any CPU.ActiveCfg = Release|Any CPU
		{24280E95-92CF-4D67-929A-08A4609E612E}.Release|Any CPU.Build.0 = Release|Any CPU
	EndGlobalSection
	GlobalSection(SolutionProperties) = preSolution
		HideSolutionNode = FALSE
	EndGlobalSection
	GlobalSection(ExtensibilityGlobals) = postSolution
		SolutionGuid = {DCA9FB1F-5600-48B0-A3B8-3237A76F38D7}
	EndGlobalSection
EndGlobal
